{
  "name": "code",
  "lockfileVersion": 3,
  "requires": true,
  "packages": {
    "": {
      "dependencies": {
        "@canvasjs/charts": "^3.7.27",
        "jquery": "^3.7.1"
      }
    },
    "node_modules/@canvasjs/charts": {
      "version": "3.7.27",
      "resolved": "https://registry.npmjs.org/@canvasjs/charts/-/charts-3.7.27.tgz",
      "integrity": "sha512-fklVVqCGVvkQNwHn3KllnzI9GyyqhsQaONl24xy0YCp1/dzxqKp6Q48qcaN73lSKjJOmxH++5+xJMMDtgYLEJQ=="
    },
    "node_modules/jquery": {
      "version": "3.7.1",
      "resolved": "https://registry.npmjs.org/jquery/-/jquery-3.7.1.tgz",
      "integrity": "sha512-m4avr8yL8kmFN8psrbFFFmB/If14iN5o9nw/NgnnM+kybDJpRsAynV2BsfpTYrTRysYUdADVD7CkUUizgkpLfg=="
    }
  }
}
